
Microsoft Visual Studio Solution File, Format Version 12.00
# Visual Studio Version 17
VisualStudioVersion = 17.5.002.0
MinimumVisualStudioVersion = 10.0.40219.1
Project("{9A19103F-16F7-4668-BE54-9A1E7A4F7556}") = "ProjectTerra.iOS", "ProjectTerra.iOS.csproj", "{D52FFF80-FBF7-4966-9150-284F64B30135}"
EndProject
Global
	GlobalSection(SolutionConfigurationPlatforms) = preSolution
		Debug|Any CPU = Debug|Any CPU
		Release|Any CPU = Release|Any CPU
	EndGlobalSection
	GlobalSection(ProjectConfigurationPlatforms) = postSolution
		{D52FFF80-FBF7-4966-9150-284F64B30135}.Debug|Any CPU.ActiveCfg = Debug|Any CPU
		{D52FFF80-FBF7-4966-9150-284F64B30135}.Debug|Any CPU.Build.0 = Debug|Any CPU
		{D52FFF80-FBF7-4966-9150-284F64B30135}.Release|Any CPU.ActiveCfg = Release|Any CPU
		{D52FFF80-FBF7-4966-9150-284F64B30135}.Release|Any CPU.Build.0 = Release|Any CPU
	EndGlobalSection
	GlobalSection(SolutionProperties) = preSolution
		HideSolutionNode = FALSE
	EndGlobalSection
	GlobalSection(ExtensibilityGlobals) = postSolution
		SolutionGuid = {98E9BF08-2AAD-41E5-BE85-74CD89770291}
	EndGlobalSection
EndGlobal
